
Microsoft Visual Studio Solution File, Format Version 12.00
Project("{FAE04EC0-301F-11D3-BF4B-00C04F79EFBC}") = "TelegramBot", "TelegramBot\TelegramBot.csproj", "{98A8A8E8-C137-426C-8C30-909677A1CBD7}"
EndProject
Project("{FAE04EC0-301F-11D3-BF4B-00C04F79EFBC}") = "Shared", "Shared\Shared.csproj", "{3BFBD265-98D3-4C72-ABCE-229CC0E9ACF6}"
EndProject
Global
	GlobalSection(SolutionConfigurationPlatforms) = preSolution
		Debug|Any CPU = Debug|Any CPU
		Release|Any CPU = Release|Any CPU
	EndGlobalSection
	GlobalSection(ProjectConfigurationPlatforms) = postSolution
		{98A8A8E8-C137-426C-8C30-909677A1CBD7}.Debug|Any CPU.ActiveCfg = Debug|Any CPU
		{98A8A8E8-C137-426C-8C30-909677A1CBD7}.Debug|Any CPU.Build.0 = Debug|Any CPU
		{98A8A8E8-C137-426C-8C30-909677A1CBD7}.Release|Any CPU.ActiveCfg = Release|Any CPU
		{98A8A8E8-C137-426C-8C30-909677A1CBD7}.Release|Any CPU.Build.0 = Release|Any CPU
		{3BFBD265-98D3-4C72-ABCE-229CC0E9ACF6}.Debug|Any CPU.ActiveCfg = Debug|Any CPU
		{3BFBD265-98D3-4C72-ABCE-229CC0E9ACF6}.Debug|Any CPU.Build.0 = Debug|Any CPU
		{3BFBD265-98D3-4C72-ABCE-229CC0E9ACF6}.Release|Any CPU.ActiveCfg = Release|Any CPU
		{3BFBD265-98D3-4C72-ABCE-229CC0E9ACF6}.Release|Any CPU.Build.0 = Release|Any CPU
	EndGlobalSection
EndGlobal
